
Microsoft Visual Studio Solution File, Format Version 12.00
# Visual Studio Version 16
VisualStudioVersion = 16.0.30114.105
MinimumVisualStudioVersion = 10.0.40219.1
Project("{9A19103F-16F7-4668-BE54-9A1E7A4F7556}") = "BlazorApp1.Client", "BlazorApp1\Client\BlazorApp1.Client.csproj", "{0F8B0367-C570-4016-82FC-AAD3AF1F13BA}"
EndProject
Global
	GlobalSection(SolutionConfigurationPlatforms) = preSolution
		Debug|Any CPU = Debug|Any CPU
		Release|Any CPU = Release|Any CPU
	EndGlobalSection
	GlobalSection(ProjectConfigurationPlatforms) = postSolution
		{0F8B0367-C570-4016-82FC-AAD3AF1F13BA}.Debug|Any CPU.ActiveCfg = Release|Any CPU
		{0F8B0367-C570-4016-82FC-AAD3AF1F13BA}.Debug|Any CPU.Build.0 = Release|Any CPU
		{0F8B0367-C570-4016-82FC-AAD3AF1F13BA}.Release|Any CPU.ActiveCfg = Release|Any CPU
		{0F8B0367-C570-4016-82FC-AAD3AF1F13BA}.Release|Any CPU.Build.0 = Release|Any CPU
	EndGlobalSection
	GlobalSection(SolutionProperties) = preSolution
		HideSolutionNode = FALSE
	EndGlobalSection
	GlobalSection(ExtensibilityGlobals) = postSolution
		SolutionGuid = {33358081-2769-408D-8874-622150AD0F8D}
	EndGlobalSection
EndGlobal
